// !$*UTF8*$!
{
	archiveVersion = 1;
	classes = {
	};
	objectVersion = 50;
	objects = {

/* Begin PBXBuildFile section */
		E78EF34624364C8600EB5938 /* AppDelegate.swift in Sources */ = {isa = PBXBuildFile; fileRef = E78EF34524364C8600EB5938 /* AppDelegate.swift */; };
		E78EF34824364C8600EB5938 /* SceneDelegate.swift in Sources */ = {isa = PBXBuildFile; fileRef = E78EF34724364C8600EB5938 /* SceneDelegate.swift */; };
		E78EF34A24364C8600EB5938 /* ContentView.swift in Sources */ = {isa = PBXBuildFile; fileRef = E78EF34924364C8600EB5938 /* ContentView.swift */; };
		E78EF34C24364C8900EB5938 /* Assets.xcassets in Resources */ = {isa = PBXBuildFile; fileRef = E78EF34B24364C8900EB5938 /* Assets.xcassets */; };
		E78EF34F24364C8900EB5938 /* Preview Assets.xcassets in Resources */ = {isa = PBXBuildFile; fileRef = E78EF34E24364C8900EB5938 /* Preview Assets.xcassets */; };
		E78EF35224364C8900EB5938 /* LaunchScreen.storyboard in Resources */ = {isa = PBXBuildFile; fileRef = E78EF35024364C8900EB5938 /* LaunchScreen.storyboard */; };
		E78EF35B24364E4E00EB5938 /* NetworkManager.swift in Sources */ = {isa = PBXBuildFile; fileRef = E78EF35A24364E4E00EB5938 /* NetworkManager.swift */; };
		E78EF35D24364F3000EB5938 /* PostData.swift in Sources */ = {isa = PBXBuildFile; fileRef = E78EF35C24364F3000EB5938 /* PostData.swift */; };
		E78EF362243653DF00EB5938 /* DetailView.swift in Sources */ = {isa = PBXBuildFile; fileRef = E78EF361243653DF00EB5938 /* DetailView.swift */; };
		E78EF3642436570D00EB5938 /* WebView.swift in Sources */ = {isa = PBXBuildFile; fileRef = E78EF3632436570D00EB5938 /* WebView.swift */; };
/* End PBXBuildFile section */

/* Begin PBXFileReference section */
		E78EF34224364C8600EB5938 /* HackerNws_SwiftUI.app */ = {isa = PBXFileReference; explicitFileType = wrapper.application; includeInIndex = 0; path = HackerNws_SwiftUI.app; sourceTree = BUILT_PRODUCTS_DIR; };
		E78EF34524364C8600EB5938 /* AppDelegate.swift */ = {isa = PBXFileReference; lastKnownFileType = sourcecode.swift; path = AppDelegate.swift; sourceTree = "<group>"; };
		E78EF34724364C8600EB5938 /* SceneDelegate.swift */ = {isa = PBXFileReference; lastKnownFileType = sourcecode.swift; path = SceneDelegate.swift; sourceTree = "<group>"; };
		E78EF34924364C8600EB5938 /* ContentView.swift */ = {isa = PBXFileReference; lastKnownFileType = sourcecode.swift; path = ContentView.swift; sourceTree = "<group>"; };
		E78EF34B24364C8900EB5938 /* Assets.xcassets */ = {isa = PBXFileReference; lastKnownFileType = folder.assetcatalog; path = Assets.xcassets; sourceTree = "<group>"; };
		E78EF34E24364C8900EB5938 /* Preview Assets.xcassets */ = {isa = PBXFileReference; lastKnownFileType = folder.assetcatalog; path = "Preview Assets.xcassets"; sourceTree = "<group>"; };
		E78EF35124364C8900EB5938 /* Base */ = {isa = PBXFileReference; lastKnownFileType = file.storyboard; name = Base; path = Base.lproj/LaunchScreen.storyboard; sourceTree = "<group>"; };
		E78EF35324364C8900EB5938 /* Info.plist */ = {isa = PBXFileReference; lastKnownFileType = text.plist.xml; path = Info.plist; sourceTree = "<group>"; };
		E78EF35A24364E4E00EB5938 /* NetworkManager.swift */ = {isa = PBXFileReference; lastKnownFileType = sourcecode.swift; path = NetworkManager.swift; sourceTree = "<group>"; };
		E78EF35C24364F3000EB5938 /* PostData.swift */ = {isa = PBXFileReference; lastKnownFileType = sourcecode.swift; path = PostData.swift; sourceTree = "<group>"; };
		E78EF361243653DF00EB5938 /* DetailView.swift */ = {isa = PBXFileReference; lastKnownFileType = sourcecode.swift; path = DetailView.swift; sourceTree = "<group>"; };
		E78EF3632436570D00EB5938 /* WebView.swift */ = {isa = PBXFileReference; lastKnownFileType = sourcecode.swift; path = WebView.swift; sourceTree = "<group>"; };
		E78EF365243657F900EB5938 /* HackerNws_SwiftUI.entitlements */ = {isa = PBXFileReference; lastKnownFileType = text.plist.entitlements; path = HackerNws_SwiftUI.entitlements; sourceTree = "<group>"; };
/* End PBXFileReference section */

/* Begin PBXFrameworksBuildPhase section */
		E78EF33F24364C8600EB5938 /* Frameworks */ = {
			isa = PBXFrameworksBuildPhase;
			buildActionMask = 2147483647;
			files = (
			);
			runOnlyForDeploymentPostprocessing = 0;
		};
/* End PBXFrameworksBuildPhase section */

/* Begin PBXGroup section */
		E78EF33924364C8600EB5938 = {
			isa = PBXGroup;
			children = (
				E78EF34424364C8600EB5938 /* HackerNws_SwiftUI */,
				E78EF34324364C8600EB5938 /* Products */,
			);
			sourceTree = "<group>";
		};
		E78EF34324364C8600EB5938 /* Products */ = {
			isa = PBXGroup;
			children = (
				E78EF34224364C8600EB5938 /* HackerNws_SwiftUI.app */,
			);
			name = Products;
			sourceTree = "<group>";
		};
		E78EF34424364C8600EB5938 /* HackerNws_SwiftUI */ = {
			isa = PBXGroup;
			children = (
				E78EF365243657F900EB5938 /* HackerNws_SwiftUI.entitlements */,
				E78EF35924364E3900EB5938 /* Models */,
				E78EF34524364C8600EB5938 /* AppDelegate.swift */,
				E78EF34724364C8600EB5938 /* SceneDelegate.swift */,
				E78EF35E2436538300EB5938 /* Views */,
				E78EF34B24364C8900EB5938 /* Assets.xcassets */,
				E78EF35024364C8900EB5938 /* LaunchScreen.storyboard */,
				E78EF35324364C8900EB5938 /* Info.plist */,
				E78EF34D24364C8900EB5938 /* Preview Content */,
			);
			path = HackerNws_SwiftUI;
			sourceTree = "<group>";
		};
		E78EF34D24364C8900EB5938 /* Preview Content */ = {
			isa = PBXGroup;
			children = (
				E78EF34E24364C8900EB5938 /* Preview Assets.xcassets */,
			);
			path = "Preview Content";
			sourceTree = "<group>";
		};
		E78EF35924364E3900EB5938 /* Models */ = {
			isa = PBXGroup;
			children = (
				E78EF35A24364E4E00EB5938 /* NetworkManager.swift */,
				E78EF35C24364F3000EB5938 /* PostData.swift */,
			);
			path = Models;
			sourceTree = "<group>";
		};
		E78EF35E2436538300EB5938 /* Views */ = {
			isa = PBXGroup;
			children = (
				E78EF34924364C8600EB5938 /* ContentView.swift */,
				E78EF361243653DF00EB5938 /* DetailView.swift */,
				E78EF3632436570D00EB5938 /* WebView.swift */,
			);
			path = Views;
			sourceTree = "<group>";
		};
/* End PBXGroup section */

/* Begin PBXNativeTarget section */
		E78EF34124364C8600EB5938 /* HackerNws_SwiftUI */ = {
			isa = PBXNativeTarget;
			buildConfigurationList = E78EF35624364C8900EB5938 /* Build configuration list for PBXNativeTarget "HackerNws_SwiftUI" */;
			buildPhases = (
				E78EF33E24364C8600EB5938 /* Sources */,
				E78EF33F24364C8600EB5938 /* Frameworks */,
				E78EF34024364C8600EB5938 /* Resources */,
			);
			buildRules = (
			);
			dependencies = (
			);
			name = HackerNws_SwiftUI;
			productName = HackerNws_SwiftUI;
			productReference = E78EF34224364C8600EB5938 /* HackerNws_SwiftUI.app */;
			productType = "com.apple.product-type.application";
		};
/* End PBXNativeTarget section */

/* Begin PBXProject section */
		E78EF33A24364C8600EB5938 /* Project object */ = {
			isa = PBXProject;
			attributes = {
				LastSwiftUpdateCheck = 1140;
				LastUpgradeCheck = 1140;
				ORGANIZATIONNAME = "Viachaslau Pashaliuk";
				TargetAttributes = {
					E78EF34124364C8600EB5938 = {
						CreatedOnToolsVersion = 11.4;
					};
				};
			};
			buildConfigurationList = E78EF33D24364C8600EB5938 /* Build configuration list for PBXProject "HackerNws_SwiftUI" */;
			compatibilityVersion = "Xcode 9.3";
			developmentRegion = en;
			hasScannedForEncodings = 0;
			knownRegions = (
				en,
				Base,
			);
			mainGroup = E78EF33924364C8600EB5938;
			productRefGroup = E78EF34324364C8600EB5938 /* Products */;
			projectDirPath = "";
			projectRoot = "";
			targets = (
				E78EF34124364C8600EB5938 /* HackerNws_SwiftUI */,
			);
		};
/* End PBXProject section */

/* Begin PBXResourcesBuildPhase section */
		E78EF34024364C8600EB5938 /* Resources */ = {
			isa = PBXResourcesBuildPhase;
			buildActionMask = 2147483647;
			files = (
				E78EF35224364C8900EB5938 /* LaunchScreen.storyboard in Resources */,
				E78EF34F24364C8900EB5938 /* Preview Assets.xcassets in Resources */,
				E78EF34C24364C8900EB5938 /* Assets.xcassets in Resources */,
			);
			runOnlyForDeploymentPostprocessing = 0;
		};
/* End PBXResourcesBuildPhase section */

/* Begin PBXSourcesBuildPhase section */
		E78EF33E24364C8600EB5938 /* Sources */ = {
			isa = PBXSourcesBuildPhase;
			buildActionMask = 2147483647;
			files = (
				E78EF35D24364F3000EB5938 /* PostData.swift in Sources */,
				E78EF362243653DF00EB5938 /* DetailView.swift in Sources */,
				E78EF35B24364E4E00EB5938 /* NetworkManager.swift in Sources */,
				E78EF34624364C8600EB5938 /* AppDelegate.swift in Sources */,
				E78EF34824364C8600EB5938 /* SceneDelegate.swift in Sources */,
				E78EF34A24364C8600EB5938 /* ContentView.swift in Sources */,
				E78EF3642436570D00EB5938 /* WebView.swift in Sources */,
			);
			runOnlyForDeploymentPostprocessing = 0;
		};
/* End PBXSourcesBuildPhase section */

/* Begin PBXVariantGroup section */
		E78EF35024364C8900EB5938 /* LaunchScreen.storyboard */ = {
			isa = PBXVariantGroup;
			children = (
				E78EF35124364C8900EB5938 /* Base */,
			);
			name = LaunchScreen.storyboard;
			sourceTree = "<group>";
		};
/* End PBXVariantGroup section */

/* Begin XCBuildConfiguration section */
		E78EF35424364C8900EB5938 /* Debug */ = {
			isa = XCBuildConfiguration;
			buildSettings = {
				ALWAYS_SEARCH_USER_PATHS = NO;
				CLANG_ANALYZER_NONNULL = YES;
				CLANG_ANALYZER_NUMBER_OBJECT_CONVERSION = YES_AGGRESSIVE;
				CLANG_CXX_LANGUAGE_STANDARD = "gnu++14";
				CLANG_CXX_LIBRARY = "libc++";
				CLANG_ENABLE_MODULES = YES;
				CLANG_ENABLE_OBJC_ARC = YES;
				CLANG_ENABLE_OBJC_WEAK = YES;
				CLANG_WARN_BLOCK_CAPTURE_AUTORELEASING = YES;
				CLANG_WARN_BOOL_CONVERSION = YES;
				CLANG_WARN_COMMA = YES;
				CLANG_WARN_CONSTANT_CONVERSION = YES;
				CLANG_WARN_DEPRECATED_OBJC_IMPLEMENTATIONS = YES;
				CLANG_WARN_DIRECT_OBJC_ISA_USAGE = YES_ERROR;
				CLANG_WARN_DOCUMENTATION_COMMENTS = YES;
				CLANG_WARN_EMPTY_BODY = YES;
				CLANG_WARN_ENUM_CONVERSION = YES;
				CLANG_WARN_INFINITE_RECURSION = YES;
				CLANG_WARN_INT_CONVERSION = YES;
				CLANG_WARN_NON_LITERAL_NULL_CONVERSION = YES;
				CLANG_WARN_OBJC_IMPLICIT_RETAIN_SELF = YES;
				CLANG_WARN_OBJC_LITERAL_CONVERSION = YES;
				CLANG_WARN_OBJC_ROOT_CLASS = YES_ERROR;
				CLANG_WARN_RANGE_LOOP_ANALYSIS = YES;
				CLANG_WARN_STRICT_PROTOTYPES = YES;
				CLANG_WARN_SUSPICIOUS_MOVE = YES;
				CLANG_WARN_UNGUARDED_AVAILABILITY = YES_AGGRESSIVE;
				CLANG_WARN_UNREACHABLE_CODE = YES;
				CLANG_WARN__DUPLICATE_METHOD_MATCH = YES;
				COPY_PHASE_STRIP = NO;
				DEBUG_INFORMATION_FORMAT = dwarf;
				ENABLE_STRICT_OBJC_MSGSEND = YES;
				ENABLE_TESTABILITY = YES;
				GCC_C_LANGUAGE_STANDARD = gnu11;
				GCC_DYNAMIC_NO_PIC = NO;
				GCC_NO_COMMON_BLOCKS = YES;
				GCC_OPTIMIZATION_LEVEL = 0;
				GCC_PREPROCESSOR_DEFINITIONS = (
					"DEBUG=1",
					"$(inherited)",
				);
				GCC_WARN_64_TO_32_BIT_CONVERSION = YES;
				GCC_WARN_ABOUT_RETURN_TYPE = YES_ERROR;
				GCC_WARN_UNDECLARED_SELECTOR = YES;
				GCC_WARN_UNINITIALIZED_AUTOS = YES_AGGRESSIVE;
				GCC_WARN_UNUSED_FUNCTION = YES;
				GCC_WARN_UNUSED_VARIABLE = YES;
				IPHONEOS_DEPLOYMENT_TARGET = 13.4;
				MTL_ENABLE_DEBUG_INFO = INCLUDE_SOURCE;
				MTL_FAST_MATH = YES;
				ONLY_ACTIVE_ARCH = YES;
				SDKROOT = iphoneos;
				SWIFT_ACTIVE_COMPILATION_CONDITIONS = DEBUG;
				SWIFT_OPTIMIZATION_LEVEL = "-Onone";
			};
			name = Debug;
		};
		E78EF35524364C8900EB5938 /* Release */ = {
			isa = XCBuildConfiguration;
			buildSettings = {
				ALWAYS_SEARCH_USER_PATHS = NO;
				CLANG_ANALYZER_NONNULL = YES;
				CLANG_ANALYZER_NUMBER_OBJECT_CONVERSION = YES_AGGRESSIVE;
				CLANG_CXX_LANGUAGE_STANDARD = "gnu++14";
				CLANG_CXX_LIBRARY = "libc++";
				CLANG_ENABLE_MODULES = YES;
				CLANG_ENABLE_OBJC_ARC = YES;
				CLANG_ENABLE_OBJC_WEAK = YES;
				CLANG_WARN_BLOCK_CAPTURE_AUTORELEASING = YES;
				CLANG_WARN_BOOL_CONVERSION = YES;
				CLANG_WARN_COMMA = YES;
				CLANG_WARN_CONSTANT_CONVERSION = YES;
				CLANG_WARN_DEPRECATED_OBJC_IMPLEMENTATIONS = YES;
				CLANG_WARN_DIRECT_OBJC_ISA_USAGE = YES_ERROR;
				CLANG_WARN_DOCUMENTATION_COMMENTS = YES;
				CLANG_WARN_EMPTY_BODY = YES;
				CLANG_WARN_ENUM_CONVERSION = YES;
				CLANG_WARN_INFINITE_RECURSION = YES;
				CLANG_WARN_INT_CONVERSION = YES;
				CLANG_WARN_NON_LITERAL_NULL_CONVERSION = YES;
				CLANG_WARN_OBJC_IMPLICIT_RETAIN_SELF = YES;
				CLANG_WARN_OBJC_LITERAL_CONVERSION = YES;
				CLANG_WARN_OBJC_ROOT_CLASS = YES_ERROR;
				CLANG_WARN_RANGE_LOOP_ANALYSIS = YES;
				CLANG_WARN_STRICT_PROTOTYPES = YES;
				CLANG_WARN_SUSPICIOUS_MOVE = YES;
				CLANG_WARN_UNGUARDED_AVAILABILITY = YES_AGGRESSIVE;
				CLANG_WARN_UNREACHABLE_CODE = YES;
				CLANG_WARN__DUPLICATE_METHOD_MATCH = YES;
				COPY_PHASE_STRIP = NO;
				DEBUG_INFORMATION_FORMAT = "dwarf-with-dsym";
				ENABLE_NS_ASSERTIONS = NO;
				ENABLE_STRICT_OBJC_MSGSEND = YES;
				GCC_C_LANGUAGE_STANDARD = gnu11;
				GCC_NO_COMMON_BLOCKS = YES;
				GCC_WARN_64_TO_32_BIT_CONVERSION = YES;
				GCC_WARN_ABOUT_RETURN_TYPE = YES_ERROR;
				GCC_WARN_UNDECLARED_SELECTOR = YES;
				GCC_WARN_UNINITIALIZED_AUTOS = YES_AGGRESSIVE;
				GCC_WARN_UNUSED_FUNCTION = YES;
				GCC_WARN_UNUSED_VARIABLE = YES;
				IPHONEOS_DEPLOYMENT_TARGET = 13.4;
				MTL_ENABLE_DEBUG_INFO = NO;
				MTL_FAST_MATH = YES;
				SDKROOT = iphoneos;
				SWIFT_COMPILATION_MODE = wholemodule;
				SWIFT_OPTIMIZATION_LEVEL = "-O";
				VALIDATE_PRODUCT = YES;
			};
			name = Release;
		};
		E78EF35724364C8900EB5938 /* Debug */ = {
			isa = XCBuildConfiguration;
			buildSettings = {
				ASSETCATALOG_COMPILER_APPICON_NAME = AppIcon;
				CODE_SIGN_ENTITLEMENTS = HackerNws_SwiftUI/HackerNws_SwiftUI.entitlements;
				CODE_SIGN_STYLE = Automatic;
				DEVELOPMENT_ASSET_PATHS = "\"HackerNws_SwiftUI/Preview Content\"";
				DEVELOPMENT_TEAM = PNRKF3G2Z5;
				ENABLE_PREVIEWS = YES;
				INFOPLIST_FILE = HackerNws_SwiftUI/Info.plist;
				LD_RUNPATH_SEARCH_PATHS = (
					"$(inherited)",
					"@executable_path/Frameworks",
				);
				PRODUCT_BUNDLE_IDENTIFIER = "com.viachaslaupashaliuk.HackerNws-SwiftUI";
				PRODUCT_NAME = "$(TARGET_NAME)";
				SUPPORTS_MACCATALYST = YES;
				SWIFT_VERSION = 5.0;
				TARGETED_DEVICE_FAMILY = "1,2";
			};
			name = Debug;
		};
		E78EF35824364C8900EB5938 /* Release */ = {
			isa = XCBuildConfiguration;
			buildSettings = {
				ASSETCATALOG_COMPILER_APPICON_NAME = AppIcon;
				CODE_SIGN_ENTITLEMENTS = HackerNws_SwiftUI/HackerNws_SwiftUI.entitlements;
				CODE_SIGN_STYLE = Automatic;
				DEVELOPMENT_ASSET_PATHS = "\"HackerNws_SwiftUI/Preview Content\"";
				DEVELOPMENT_TEAM = PNRKF3G2Z5;
				ENABLE_PREVIEWS = YES;
				INFOPLIST_FILE = HackerNws_SwiftUI/Info.plist;
				LD_RUNPATH_SEARCH_PATHS = (
					"$(inherited)",
					"@executable_path/Frameworks",
				);
				PRODUCT_BUNDLE_IDENTIFIER = "com.viachaslaupashaliuk.HackerNws-SwiftUI";
				PRODUCT_NAME = "$(TARGET_NAME)";
				SUPPORTS_MACCATALYST = YES;
				SWIFT_VERSION = 5.0;
				TARGETED_DEVICE_FAMILY = "1,2";
			};
			name = Release;
		};
/* End XCBuildConfiguration section */

/* Begin XCConfigurationList section */
		E78EF33D24364C8600EB5938 /* Build configuration list for PBXProject "HackerNws_SwiftUI" */ = {
			isa = XCConfigurationList;
			buildConfigurations = (
				E78EF35424364C8900EB5938 /* Debug */,
				E78EF35524364C8900EB5938 /* Release */,
			);
			defaultConfigurationIsVisible = 0;
			defaultConfigurationName = Release;
		};
		E78EF35624364C8900EB5938 /* Build configuration list for PBXNativeTarget "HackerNws_SwiftUI" */ = {
			isa = XCConfigurationList;
			buildConfigurations = (
				E78EF35724364C8900EB5938 /* Debug */,
				E78EF35824364C8900EB5938 /* Release */,
			);
			defaultConfigurationIsVisible = 0;
			defaultConfigurationName = Release;
		};
/* End XCConfigurationList section */
	};
	rootObject = E78EF33A24364C8600EB5938 /* Project object */;
}
